{
    "_meta": {
        "hash": {
            "sha256": "b52927bf8198d961b57b650e95c85cff6407b12c4aa62ce0f1fdfa01f60b8e60"
        },
        "pipfile-spec": 6,
        "requires": {
            "python_version": "3.8"
        },
        "sources": [
            {
                "name": "pypi",
                "url": "https://pypi.org/simple",
                "verify_ssl": true
            }
        ]
    },
    "default": {
        "pympler": {
            "hashes": [
                "sha256:993f1a3599ca3f4fcd7160c7545ad06310c9e12f70174ae7ae8d4e25f6c5d3fa",
                "sha256:d260dda9ae781e1eab6ea15bacb84015849833ba5555f141d2d9b7b7473b307d"
            ],
            "index": "pypi",
            "version": "==1.0.1"
        }
    },
    "develop": {}
}
